{
  "name": "Day4",
  "version": "1.0.0",
  "lockfileVersion": 1,
  "requires": true,
  "dependencies": {
    "animate.css": {
      "version": "3.5.2",
      "resolved": "http://registry.npm.taobao.org/animate.css/download/animate.css-3.5.2.tgz",
      "integrity": "sha1-keZo3AaagI5eSZUUhnuXquAWbDY="
    },
    "fastclick": {
      "version": "1.0.6",
      "resolved": "http://registry.npm.taobao.org/fastclick/download/fastclick-1.0.6.tgz",
      "integrity": "sha1-FhYlsnsaWAZAWTa9qaLBkm0Gvmo="
    },
    "mime": {
      "version": "1.3.6",
      "resolved": "http://registry.npm.taobao.org/mime/download/mime-1.3.6.tgz",
      "integrity": "sha1-WR2E02U6awtKO5343lqoEI5y5eA="
    },
    "wenli-server": {
      "version": "1.0.1",
      "resolved": "http://registry.npm.taobao.org/wenli-server/download/wenli-server-1.0.1.tgz",
      "integrity": "sha1-OtzXJaV3FgK/rJVtxndvvY6ks/E=",
      "requires": {
        "mime": "1.3.6"
      }
    },
    "zepto": {
      "version": "1.2.0",
      "resolved": "http://registry.npm.taobao.org/zepto/download/zepto-1.2.0.tgz",
      "integrity": "sha1-4Se9nmb9hGvl6rSME5SIL3wOT5g="
    }
  }
}
